
Microsoft Visual Studio Solution File, Format Version 12.00
# Visual Studio Version 16
VisualStudioVersion = 16.0.29806.167
MinimumVisualStudioVersion = 10.0.40219.1
Project("{9A19103F-16F7-4668-BE54-9A1E7A4F7556}") = "App", "App\App.csproj", "{BC74052A-2315-48DF-AF34-A6CAC2C6B8EA}"
EndProject
Project("{9A19103F-16F7-4668-BE54-9A1E7A4F7556}") = "Lib", "Lib\Lib.csproj", "{A65FE7AE-44D0-459C-958A-A015CE2F4435}"
EndProject
Project("{9A19103F-16F7-4668-BE54-9A1E7A4F7556}") = "UnitTests", "UnitTests\UnitTests.csproj", "{90F65890-89F8-48AD-81AC-50D1C7FFFB7B}"
EndProject
Project("{2150E333-8FDC-42A3-9474-1A3956D46DE8}") = "Solution Items", "Solution Items", "{23901115-BE16-49C5-8B35-72C4ECFFA374}"
	ProjectSection(SolutionItems) = preProject
		.github\workflows\ci.yml = .github\workflows\ci.yml
		README.md = README.md
	EndProjectSection
EndProject
Global
	GlobalSection(SolutionConfigurationPlatforms) = preSolution
		Debug|Any CPU = Debug|Any CPU
		Release|Any CPU = Release|Any CPU
	EndGlobalSection
	GlobalSection(ProjectConfigurationPlatforms) = postSolution
		{BC74052A-2315-48DF-AF34-A6CAC2C6B8EA}.Debug|Any CPU.ActiveCfg = Debug|Any CPU
		{BC74052A-2315-48DF-AF34-A6CAC2C6B8EA}.Debug|Any CPU.Build.0 = Debug|Any CPU
		{BC74052A-2315-48DF-AF34-A6CAC2C6B8EA}.Release|Any CPU.ActiveCfg = Release|Any CPU
		{BC74052A-2315-48DF-AF34-A6CAC2C6B8EA}.Release|Any CPU.Build.0 = Release|Any CPU
		{A65FE7AE-44D0-459C-958A-A015CE2F4435}.Debug|Any CPU.ActiveCfg = Debug|Any CPU
		{A65FE7AE-44D0-459C-958A-A015CE2F4435}.Debug|Any CPU.Build.0 = Debug|Any CPU
		{A65FE7AE-44D0-459C-958A-A015CE2F4435}.Release|Any CPU.ActiveCfg = Release|Any CPU
		{A65FE7AE-44D0-459C-958A-A015CE2F4435}.Release|Any CPU.Build.0 = Release|Any CPU
		{90F65890-89F8-48AD-81AC-50D1C7FFFB7B}.Debug|Any CPU.ActiveCfg = Debug|Any CPU
		{90F65890-89F8-48AD-81AC-50D1C7FFFB7B}.Debug|Any CPU.Build.0 = Debug|Any CPU
		{90F65890-89F8-48AD-81AC-50D1C7FFFB7B}.Release|Any CPU.ActiveCfg = Release|Any CPU
		{90F65890-89F8-48AD-81AC-50D1C7FFFB7B}.Release|Any CPU.Build.0 = Release|Any CPU
	EndGlobalSection
	GlobalSection(SolutionProperties) = preSolution
		HideSolutionNode = FALSE
	EndGlobalSection
	GlobalSection(ExtensibilityGlobals) = postSolution
		SolutionGuid = {2D51E967-33CE-4C03-9DF3-EE9317CE6E95}
	EndGlobalSection
EndGlobal
