
Microsoft Visual Studio Solution File, Format Version 12.00
# Visual Studio Version 17
VisualStudioVersion = 17.0.31903.59
MinimumVisualStudioVersion = 10.0.40219.1
Project("{2150E333-8FDC-42A3-9474-1A3956D46DE8}") = "src", "src", "{BA9BB23A-091A-4759-BABD-6A94FCA4EAA4}"
EndProject
Project("{FAE04EC0-301F-11D3-BF4B-00C04F79EFBC}") = "App", "src\App\App.csproj", "{EAD2225D-0067-4446-BD10-918461C07C9B}"
EndProject
Project("{2150E333-8FDC-42A3-9474-1A3956D46DE8}") = "test", "test", "{D298F3A1-4824-4D43-9287-C57FF460CCCF}"
EndProject
Project("{FAE04EC0-301F-11D3-BF4B-00C04F79EFBC}") = "Tests", "test\Tests\Tests.csproj", "{2A486885-4453-4DA1-A157-AEA6EF177B8C}"
EndProject
Project("{2150E333-8FDC-42A3-9474-1A3956D46DE8}") = "files", "files", "{5E53F4C4-D884-4E5F-969D-F6FB3BBE670D}"
	ProjectSection(SolutionItems) = preProject
		.editorconfig = .editorconfig
		Directory.Build.props = Directory.Build.props
		global.json = global.json
		stryker-config.json = stryker-config.json
		.gitignore = .gitignore
		README.md = README.md
		.github\workflows\ci.yml = .github\workflows\ci.yml
		Directory.Packages.props = Directory.Packages.props
	EndProjectSection
EndProject
Global
	GlobalSection(SolutionConfigurationPlatforms) = preSolution
		Debug|Any CPU = Debug|Any CPU
		Release|Any CPU = Release|Any CPU
	EndGlobalSection
	GlobalSection(SolutionProperties) = preSolution
		HideSolutionNode = FALSE
	EndGlobalSection
	GlobalSection(ProjectConfigurationPlatforms) = postSolution
		{EAD2225D-0067-4446-BD10-918461C07C9B}.Debug|Any CPU.ActiveCfg = Debug|Any CPU
		{EAD2225D-0067-4446-BD10-918461C07C9B}.Debug|Any CPU.Build.0 = Debug|Any CPU
		{EAD2225D-0067-4446-BD10-918461C07C9B}.Release|Any CPU.ActiveCfg = Release|Any CPU
		{EAD2225D-0067-4446-BD10-918461C07C9B}.Release|Any CPU.Build.0 = Release|Any CPU
		{2A486885-4453-4DA1-A157-AEA6EF177B8C}.Debug|Any CPU.ActiveCfg = Debug|Any CPU
		{2A486885-4453-4DA1-A157-AEA6EF177B8C}.Debug|Any CPU.Build.0 = Debug|Any CPU
		{2A486885-4453-4DA1-A157-AEA6EF177B8C}.Release|Any CPU.ActiveCfg = Release|Any CPU
		{2A486885-4453-4DA1-A157-AEA6EF177B8C}.Release|Any CPU.Build.0 = Release|Any CPU
	EndGlobalSection
	GlobalSection(NestedProjects) = preSolution
		{EAD2225D-0067-4446-BD10-918461C07C9B} = {BA9BB23A-091A-4759-BABD-6A94FCA4EAA4}
		{2A486885-4453-4DA1-A157-AEA6EF177B8C} = {D298F3A1-4824-4D43-9287-C57FF460CCCF}
	EndGlobalSection
EndGlobal
